
Microsoft Visual Studio Solution File, Format Version 12.00
# Visual Studio 15
VisualStudioVersion = 15.0.26124.0
MinimumVisualStudioVersion = 15.0.26124.0
Project("{FAE04EC0-301F-11D3-BF4B-00C04F79EFBC}") = "guessmynumber", "guessmynumber\guessmynumber.csproj", "{BE4F7F15-1C2A-4292-AC10-5ACE3D221CF4}"
EndProject
Project("{FAE04EC0-301F-11D3-BF4B-00C04F79EFBC}") = "graphicStuff", "graphicStuff\graphicStuff.csproj", "{E63240C9-B290-4F19-9669-11985996A587}"
EndProject
Project("{FAE04EC0-301F-11D3-BF4B-00C04F79EFBC}") = "helloWorld", "helloWorld\helloWorld.csproj", "{7B4DD33E-7C98-4B84-933D-0E12A01F8954}"
EndProject
Global
	GlobalSection(SolutionConfigurationPlatforms) = preSolution
		Debug|Any CPU = Debug|Any CPU
		Debug|x64 = Debug|x64
		Debug|x86 = Debug|x86
		Release|Any CPU = Release|Any CPU
		Release|x64 = Release|x64
		Release|x86 = Release|x86
	EndGlobalSection
	GlobalSection(SolutionProperties) = preSolution
		HideSolutionNode = FALSE
	EndGlobalSection
	GlobalSection(ProjectConfigurationPlatforms) = postSolution
		{BE4F7F15-1C2A-4292-AC10-5ACE3D221CF4}.Debug|Any CPU.ActiveCfg = Debug|Any CPU
		{BE4F7F15-1C2A-4292-AC10-5ACE3D221CF4}.Debug|Any CPU.Build.0 = Debug|Any CPU
		{BE4F7F15-1C2A-4292-AC10-5ACE3D221CF4}.Debug|x64.ActiveCfg = Debug|Any CPU
		{BE4F7F15-1C2A-4292-AC10-5ACE3D221CF4}.Debug|x64.Build.0 = Debug|Any CPU
		{BE4F7F15-1C2A-4292-AC10-5ACE3D221CF4}.Debug|x86.ActiveCfg = Debug|Any CPU
		{BE4F7F15-1C2A-4292-AC10-5ACE3D221CF4}.Debug|x86.Build.0 = Debug|Any CPU
		{BE4F7F15-1C2A-4292-AC10-5ACE3D221CF4}.Release|Any CPU.ActiveCfg = Release|Any CPU
		{BE4F7F15-1C2A-4292-AC10-5ACE3D221CF4}.Release|Any CPU.Build.0 = Release|Any CPU
		{BE4F7F15-1C2A-4292-AC10-5ACE3D221CF4}.Release|x64.ActiveCfg = Release|Any CPU
		{BE4F7F15-1C2A-4292-AC10-5ACE3D221CF4}.Release|x64.Build.0 = Release|Any CPU
		{BE4F7F15-1C2A-4292-AC10-5ACE3D221CF4}.Release|x86.ActiveCfg = Release|Any CPU
		{BE4F7F15-1C2A-4292-AC10-5ACE3D221CF4}.Release|x86.Build.0 = Release|Any CPU
		{E63240C9-B290-4F19-9669-11985996A587}.Debug|Any CPU.ActiveCfg = Debug|Any CPU
		{E63240C9-B290-4F19-9669-11985996A587}.Debug|Any CPU.Build.0 = Debug|Any CPU
		{E63240C9-B290-4F19-9669-11985996A587}.Debug|x64.ActiveCfg = Debug|Any CPU
		{E63240C9-B290-4F19-9669-11985996A587}.Debug|x64.Build.0 = Debug|Any CPU
		{E63240C9-B290-4F19-9669-11985996A587}.Debug|x86.ActiveCfg = Debug|Any CPU
		{E63240C9-B290-4F19-9669-11985996A587}.Debug|x86.Build.0 = Debug|Any CPU
		{E63240C9-B290-4F19-9669-11985996A587}.Release|Any CPU.ActiveCfg = Release|Any CPU
		{E63240C9-B290-4F19-9669-11985996A587}.Release|Any CPU.Build.0 = Release|Any CPU
		{E63240C9-B290-4F19-9669-11985996A587}.Release|x64.ActiveCfg = Release|Any CPU
		{E63240C9-B290-4F19-9669-11985996A587}.Release|x64.Build.0 = Release|Any CPU
		{E63240C9-B290-4F19-9669-11985996A587}.Release|x86.ActiveCfg = Release|Any CPU
		{E63240C9-B290-4F19-9669-11985996A587}.Release|x86.Build.0 = Release|Any CPU
		{7B4DD33E-7C98-4B84-933D-0E12A01F8954}.Debug|Any CPU.ActiveCfg = Debug|Any CPU
		{7B4DD33E-7C98-4B84-933D-0E12A01F8954}.Debug|Any CPU.Build.0 = Debug|Any CPU
		{7B4DD33E-7C98-4B84-933D-0E12A01F8954}.Debug|x64.ActiveCfg = Debug|Any CPU
		{7B4DD33E-7C98-4B84-933D-0E12A01F8954}.Debug|x64.Build.0 = Debug|Any CPU
		{7B4DD33E-7C98-4B84-933D-0E12A01F8954}.Debug|x86.ActiveCfg = Debug|Any CPU
		{7B4DD33E-7C98-4B84-933D-0E12A01F8954}.Debug|x86.Build.0 = Debug|Any CPU
		{7B4DD33E-7C98-4B84-933D-0E12A01F8954}.Release|Any CPU.ActiveCfg = Release|Any CPU
		{7B4DD33E-7C98-4B84-933D-0E12A01F8954}.Release|Any CPU.Build.0 = Release|Any CPU
		{7B4DD33E-7C98-4B84-933D-0E12A01F8954}.Release|x64.ActiveCfg = Release|Any CPU
		{7B4DD33E-7C98-4B84-933D-0E12A01F8954}.Release|x64.Build.0 = Release|Any CPU
		{7B4DD33E-7C98-4B84-933D-0E12A01F8954}.Release|x86.ActiveCfg = Release|Any CPU
		{7B4DD33E-7C98-4B84-933D-0E12A01F8954}.Release|x86.Build.0 = Release|Any CPU
	EndGlobalSection
EndGlobal
